
Microsoft Visual Studio Solution File, Format Version 12.00
# Visual Studio Version 17
VisualStudioVersion = 17.3.32929.385
MinimumVisualStudioVersion = 10.0.40219.1
Project("{FAE04EC0-301F-11D3-BF4B-00C04F79EFBC}") = "algo 2 - pertemuan 2", "algo 2 - pertemuan 2\algo 2 - pertemuan 2.csproj", "{EF3F80B0-EA1D-48E7-9D17-4C92994305F1}"
EndProject
Global
	GlobalSection(SolutionConfigurationPlatforms) = preSolution
		Debug|Any CPU = Debug|Any CPU
		Release|Any CPU = Release|Any CPU
	EndGlobalSection
	GlobalSection(ProjectConfigurationPlatforms) = postSolution
		{EF3F80B0-EA1D-48E7-9D17-4C92994305F1}.Debug|Any CPU.ActiveCfg = Debug|Any CPU
		{EF3F80B0-EA1D-48E7-9D17-4C92994305F1}.Debug|Any CPU.Build.0 = Debug|Any CPU
		{EF3F80B0-EA1D-48E7-9D17-4C92994305F1}.Release|Any CPU.ActiveCfg = Release|Any CPU
		{EF3F80B0-EA1D-48E7-9D17-4C92994305F1}.Release|Any CPU.Build.0 = Release|Any CPU
	EndGlobalSection
	GlobalSection(SolutionProperties) = preSolution
		HideSolutionNode = FALSE
	EndGlobalSection
	GlobalSection(ExtensibilityGlobals) = postSolution
		SolutionGuid = {E178DC07-BA8E-4215-AFD9-7D5680558868}
	EndGlobalSection
EndGlobal
